PODS:
  - boost-for-react-native (1.63.0)
  - CocoaAsyncSocket (7.6.4)
  - CocoaLibEvent (1.0.0)
  - DoubleConversion (1.1.6)
  - FBLazyVector (0.62.0-rc.3)
  - FBReactNativeSpec (0.62.0-rc.3):
    - Folly (= 2018.10.22.00)
    - RCTRequired (= 0.62.0-rc.3)
    - RCTTypeSafety (= 0.62.0-rc.3)
    - React-Core (= 0.62.0-rc.3)
    - React-jsi (= 0.62.0-rc.3)
    - ReactCommon/turbomodule/core (= 0.62.0-rc.3)
  - Flipper (0.31.2):
    - Flipper-Folly (~> 2.1)
    - Flipper-RSocket (~> 1.0)
  - Flipper-DoubleConversion (1.1.7)
  - Flipper-Folly (2.1.1):
    - boost-for-react-native
    - CocoaLibEvent (~> 1.0)
    - Flipper-DoubleConversion
    - Flipper-Glog
    - OpenSSL-Universal (= 1.0.2.19)
  - Flipper-Glog (0.3.6)
  - Flipper-PeerTalk (0.0.4)
  - Flipper-RSocket (1.0.0):
    - Flipper-Folly (~> 2.0)
  - FlipperKit (0.31.2):
    - FlipperKit/Core (= 0.31.2)
  - FlipperKit/Core (0.31.2):
    - Flipper (~> 0.31.2)
    - FlipperKit/CppBridge
    - FlipperKit/FBCxxFollyDynamicConvert
    - FlipperKit/FBDefines
    - FlipperKit/FKPortForwarding
  - FlipperKit/CppBridge (0.31.2):
    - Flipper (~> 0.31.2)
  - FlipperKit/FBCxxFollyDynamicConvert (0.31.2):
    - Flipper-Folly (~> 2.1)
  - FlipperKit/FBDefines (0.31.2)
  - FlipperKit/FKPortForwarding (0.31.2):
    - CocoaAsyncSocket (~> 7.6)
    - Flipper-PeerTalk (~> 0.0.4)
  - FlipperKit/FlipperKitHighlightOverlay (0.31.2)
  - FlipperKit/FlipperKitLayoutPlugin (0.31.2):
    - FlipperKit/Core
    - FlipperKit/FlipperKitHighlightOverlay
    - FlipperKit/FlipperKitLayoutTextSearchable
    - YogaKit (~> 1.18)
  - FlipperKit/FlipperKitLayoutTextSearchable (0.31.2)
  - FlipperKit/FlipperKitNetworkPlugin (0.31.2):
    - FlipperKit/Core
  - FlipperKit/FlipperKitReactPlugin (0.31.2):
    - FlipperKit/Core
  - FlipperKit/FlipperKitUserDefaultsPlugin (0.31.2):
    - FlipperKit/Core
  - FlipperKit/SKIOSNetworkPlugin (0.31.2):
    - FlipperKit/Core
    - FlipperKit/FlipperKitNetworkPlugin
  - Folly (2018.10.22.00):
    - boost-for-react-native
    - DoubleConversion
    - Folly/Default (= 2018.10.22.00)
    - glog
  - Folly/Default (2018.10.22.00):
    - boost-for-react-native
    - DoubleConversion
    - glog
  - glog (0.3.5)
  - instabug-reactnative (9.0.6):
    - React
  - OpenSSL-Universal (1.0.2.19):
    - OpenSSL-Universal/Static (= 1.0.2.19)
  - OpenSSL-Universal/Static (1.0.2.19)
  - RCTRequired (0.62.0-rc.3)
  - RCTTypeSafety (0.62.0-rc.3):
    - FBLazyVector (= 0.62.0-rc.3)
    - Folly (= 2018.10.22.00)
    - RCTRequired (= 0.62.0-rc.3)
    - React-Core (= 0.62.0-rc.3)
  - React (0.62.0-rc.3):
    - React-Core (= 0.62.0-rc.3)
    - React-Core/DevSupport (= 0.62.0-rc.3)
    - React-Core/RCTWebSocket (= 0.62.0-rc.3)
    - React-RCTActionSheet (= 0.62.0-rc.3)
    - React-RCTAnimation (= 0.62.0-rc.3)
    - React-RCTBlob (= 0.62.0-rc.3)
    - React-RCTImage (= 0.62.0-rc.3)
    - React-RCTLinking (= 0.62.0-rc.3)
    - React-RCTNetwork (= 0.62.0-rc.3)
    - React-RCTSettings (= 0.62.0-rc.3)
    - React-RCTText (= 0.62.0-rc.3)
    - React-RCTVibration (= 0.62.0-rc.3)
  - React-Core (0.62.0-rc.3):
    - Folly (= 2018.10.22.00)
    - glog
    - React-Core/Default (= 0.62.0-rc.3)
    - React-cxxreact (= 0.62.0-rc.3)
    - React-jsi (= 0.62.0-rc.3)
    - React-jsiexecutor (= 0.62.0-rc.3)
    - Yoga
  - React-Core/CoreModulesHeaders (0.62.0-rc.3):
    - Folly (= 2018.10.22.00)
    - glog
    - React-Core/Default
    - React-cxxreact (= 0.62.0-rc.3)
    - React-jsi (= 0.62.0-rc.3)
    - React-jsiexecutor (= 0.62.0-rc.3)
    - Yoga
  - React-Core/Default (0.62.0-rc.3):
    - Folly (= 2018.10.22.00)
    - glog
    - React-cxxreact (= 0.62.0-rc.3)
    - React-jsi (= 0.62.0-rc.3)
    - React-jsiexecutor (= 0.62.0-rc.3)
    - Yoga
  - React-Core/DevSupport (0.62.0-rc.3):
    - Folly (= 2018.10.22.00)
    - glog
    - React-Core/Default (= 0.62.0-rc.3)
    - React-Core/RCTWebSocket (= 0.62.0-rc.3)
    - React-cxxreact (= 0.62.0-rc.3)
    - React-jsi (= 0.62.0-rc.3)
    - React-jsiexecutor (= 0.62.0-rc.3)
    - React-jsinspector (= 0.62.0-rc.3)
    - Yoga
  - React-Core/RCTActionSheetHeaders (0.62.0-rc.3):
    - Folly (= 2018.10.22.00)
    - glog
    - React-Core/Default
    - React-cxxreact (= 0.62.0-rc.3)
    - React-jsi (= 0.62.0-rc.3)
    - React-jsiexecutor (= 0.62.0-rc.3)
    - Yoga
  - React-Core/RCTAnimationHeaders (0.62.0-rc.3):
    - Folly (= 2018.10.22.00)
    - glog
    - React-Core/Default
    - React-cxxreact (= 0.62.0-rc.3)
    - React-jsi (= 0.62.0-rc.3)
    - React-jsiexecutor (= 0.62.0-rc.3)
    - Yoga
  - React-Core/RCTBlobHeaders (0.62.0-rc.3):
    - Folly (= 2018.10.22.00)
    - glog
    - React-Core/Default
    - React-cxxreact (= 0.62.0-rc.3)
    - React-jsi (= 0.62.0-rc.3)
    - React-jsiexecutor (= 0.62.0-rc.3)
    - Yoga
  - React-Core/RCTImageHeaders (0.62.0-rc.3):
    - Folly (= 2018.10.22.00)
    - glog
    - React-Core/Default
    - React-cxxreact (= 0.62.0-rc.3)
    - React-jsi (= 0.62.0-rc.3)
    - React-jsiexecutor (= 0.62.0-rc.3)
    - Yoga
  - React-Core/RCTLinkingHeaders (0.62.0-rc.3):
    - Folly (= 2018.10.22.00)
    - glog
    - React-Core/Default
    - React-cxxreact (= 0.62.0-rc.3)
    - React-jsi (= 0.62.0-rc.3)
    - React-jsiexecutor (= 0.62.0-rc.3)
    - Yoga
  - React-Core/RCTNetworkHeaders (0.62.0-rc.3):
    - Folly (= 2018.10.22.00)
    - glog
    - React-Core/Default
    - React-cxxreact (= 0.62.0-rc.3)
    - React-jsi (= 0.62.0-rc.3)
    - React-jsiexecutor (= 0.62.0-rc.3)
    - Yoga
  - React-Core/RCTSettingsHeaders (0.62.0-rc.3):
    - Folly (= 2018.10.22.00)
    - glog
    - React-Core/Default
    - React-cxxreact (= 0.62.0-rc.3)
    - React-jsi (= 0.62.0-rc.3)
    - React-jsiexecutor (= 0.62.0-rc.3)
    - Yoga
  - React-Core/RCTTextHeaders (0.62.0-rc.3):
    - Folly (= 2018.10.22.00)
    - glog
    - React-Core/Default
    - React-cxxreact (= 0.62.0-rc.3)
    - React-jsi (= 0.62.0-rc.3)
    - React-jsiexecutor (= 0.62.0-rc.3)
    - Yoga
  - React-Core/RCTVibrationHeaders (0.62.0-rc.3):
    - Folly (= 2018.10.22.00)
    - glog
    - React-Core/Default
    - React-cxxreact (= 0.62.0-rc.3)
    - React-jsi (= 0.62.0-rc.3)
    - React-jsiexecutor (= 0.62.0-rc.3)
    - Yoga
  - React-Core/RCTWebSocket (0.62.0-rc.3):
    - Folly (= 2018.10.22.00)
    - glog
    - React-Core/Default (= 0.62.0-rc.3)
    - React-cxxreact (= 0.62.0-rc.3)
    - React-jsi (= 0.62.0-rc.3)
    - React-jsiexecutor (= 0.62.0-rc.3)
    - Yoga
  - React-CoreModules (0.62.0-rc.3):
    - FBReactNativeSpec (= 0.62.0-rc.3)
    - Folly (= 2018.10.22.00)
    - RCTTypeSafety (= 0.62.0-rc.3)
    - React-Core/CoreModulesHeaders (= 0.62.0-rc.3)
    - React-RCTImage (= 0.62.0-rc.3)
    - ReactCommon/turbomodule/core (= 0.62.0-rc.3)
  - React-cxxreact (0.62.0-rc.3):
    - boost-for-react-native (= 1.63.0)
    - DoubleConversion
    - Folly (= 2018.10.22.00)
    - glog
    - React-jsinspector (= 0.62.0-rc.3)
  - React-jsi (0.62.0-rc.3):
    - boost-for-react-native (= 1.63.0)
    - DoubleConversion
    - Folly (= 2018.10.22.00)
    - glog
    - React-jsi/Default (= 0.62.0-rc.3)
  - React-jsi/Default (0.62.0-rc.3):
    - boost-for-react-native (= 1.63.0)
    - DoubleConversion
    - Folly (= 2018.10.22.00)
    - glog
  - React-jsiexecutor (0.62.0-rc.3):
    - DoubleConversion
    - Folly (= 2018.10.22.00)
    - glog
    - React-cxxreact (= 0.62.0-rc.3)
    - React-jsi (= 0.62.0-rc.3)
  - React-jsinspector (0.62.0-rc.3)
  - react-native-appearance (0.3.3):
    - React
  - react-native-safe-area-context (0.7.3):
    - React
  - React-RCTActionSheet (0.62.0-rc.3):
    - React-Core/RCTActionSheetHeaders (= 0.62.0-rc.3)
  - React-RCTAnimation (0.62.0-rc.3):
    - FBReactNativeSpec (= 0.62.0-rc.3)
    - Folly (= 2018.10.22.00)
    - RCTTypeSafety (= 0.62.0-rc.3)
    - React-Core/RCTAnimationHeaders (= 0.62.0-rc.3)
    - ReactCommon/turbomodule/core (= 0.62.0-rc.3)
  - React-RCTBlob (0.62.0-rc.3):
    - FBReactNativeSpec (= 0.62.0-rc.3)
    - Folly (= 2018.10.22.00)
    - React-Core/RCTBlobHeaders (= 0.62.0-rc.3)
    - React-Core/RCTWebSocket (= 0.62.0-rc.3)
    - React-jsi (= 0.62.0-rc.3)
    - React-RCTNetwork (= 0.62.0-rc.3)
    - ReactCommon/turbomodule/core (= 0.62.0-rc.3)
  - React-RCTImage (0.62.0-rc.3):
    - FBReactNativeSpec (= 0.62.0-rc.3)
    - Folly (= 2018.10.22.00)
    - RCTTypeSafety (= 0.62.0-rc.3)
    - React-Core/RCTImageHeaders (= 0.62.0-rc.3)
    - React-RCTNetwork (= 0.62.0-rc.3)
    - ReactCommon/turbomodule/core (= 0.62.0-rc.3)
  - React-RCTLinking (0.62.0-rc.3):
    - FBReactNativeSpec (= 0.62.0-rc.3)
    - React-Core/RCTLinkingHeaders (= 0.62.0-rc.3)
    - ReactCommon/turbomodule/core (= 0.62.0-rc.3)
  - React-RCTNetwork (0.62.0-rc.3):
    - FBReactNativeSpec (= 0.62.0-rc.3)
    - Folly (= 2018.10.22.00)
    - RCTTypeSafety (= 0.62.0-rc.3)
    - React-Core/RCTNetworkHeaders (= 0.62.0-rc.3)
    - ReactCommon/turbomodule/core (= 0.62.0-rc.3)
  - React-RCTSettings (0.62.0-rc.3):
    - FBReactNativeSpec (= 0.62.0-rc.3)
    - Folly (= 2018.10.22.00)
    - RCTTypeSafety (= 0.62.0-rc.3)
    - React-Core/RCTSettingsHeaders (= 0.62.0-rc.3)
    - ReactCommon/turbomodule/core (= 0.62.0-rc.3)
  - React-RCTText (0.62.0-rc.3):
    - React-Core/RCTTextHeaders (= 0.62.0-rc.3)
  - React-RCTVibration (0.62.0-rc.3):
    - FBReactNativeSpec (= 0.62.0-rc.3)
    - Folly (= 2018.10.22.00)
    - React-Core/RCTVibrationHeaders (= 0.62.0-rc.3)
    - ReactCommon/turbomodule/core (= 0.62.0-rc.3)
  - ReactCommon/callinvoker (0.62.0-rc.3):
    - DoubleConversion
    - Folly (= 2018.10.22.00)
    - glog
    - React-cxxreact (= 0.62.0-rc.3)
  - ReactCommon/turbomodule/core (0.62.0-rc.3):
    - DoubleConversion
    - Folly (= 2018.10.22.00)
    - glog
    - React-Core (= 0.62.0-rc.3)
    - React-cxxreact (= 0.62.0-rc.3)
    - React-jsi (= 0.62.0-rc.3)
    - ReactCommon/callinvoker (= 0.62.0-rc.3)
  - RNCAsyncStorage (2.0.0):
    - React
  - RNCMaskedView (0.1.7):
    - React
  - RNGestureHandler (1.6.0):
    - React
  - RNReanimated (1.7.0):
    - React
  - RNScreens (2.2.0):
    - React
  - RNSVG (12.0.3):
    - React
  - Yoga (1.14.0)
  - YogaKit (1.18.1):
    - Yoga (~> 1.14)

DEPENDENCIES:
  - DoubleConversion (from `../node_modules/react-native/third-party-podspecs/DoubleConversion.podspec`)
  - FBLazyVector (from `../node_modules/react-native/Libraries/FBLazyVector`)
  - FBReactNativeSpec (from `../node_modules/react-native/Libraries/FBReactNativeSpec`)
  - FlipperKit (~> 0.31.0)
  - FlipperKit/FlipperKitLayoutPlugin (~> 0.31.0)
  - FlipperKit/FlipperKitReactPlugin (~> 0.31.0)
  - FlipperKit/FlipperKitUserDefaultsPlugin (~> 0.31.0)
  - FlipperKit/SKIOSNetworkPlugin (~> 0.31.0)
  - Folly (from `../node_modules/react-native/third-party-podspecs/Folly.podspec`)
  - glog (from `../node_modules/react-native/third-party-podspecs/glog.podspec`)
  - instabug-reactnative (from `../node_modules/instabug-reactnative`)
  - RCTRequired (from `../node_modules/react-native/Libraries/RCTRequired`)
  - RCTTypeSafety (from `../node_modules/react-native/Libraries/TypeSafety`)
  - React (from `../node_modules/react-native/`)
  - React-Core (from `../node_modules/react-native/`)
  - React-Core/DevSupport (from `../node_modules/react-native/`)
  - React-Core/RCTWebSocket (from `../node_modules/react-native/`)
  - React-CoreModules (from `../node_modules/react-native/React/CoreModules`)
  - React-cxxreact (from `../node_modules/react-native/ReactCommon/cxxreact`)
  - React-jsi (from `../node_modules/react-native/ReactCommon/jsi`)
  - React-jsiexecutor (from `../node_modules/react-native/ReactCommon/jsiexecutor`)
  - React-jsinspector (from `../node_modules/react-native/ReactCommon/jsinspector`)
  - react-native-appearance (from `../node_modules/react-native-appearance`)
  - react-native-safe-area-context (from `../node_modules/react-native-safe-area-context`)
  - React-RCTActionSheet (from `../node_modules/react-native/Libraries/ActionSheetIOS`)
  - React-RCTAnimation (from `../node_modules/react-native/Libraries/NativeAnimation`)
  - React-RCTBlob (from `../node_modules/react-native/Libraries/Blob`)
  - React-RCTImage (from `../node_modules/react-native/Libraries/Image`)
  - React-RCTLinking (from `../node_modules/react-native/Libraries/LinkingIOS`)
  - React-RCTNetwork (from `../node_modules/react-native/Libraries/Network`)
  - React-RCTSettings (from `../node_modules/react-native/Libraries/Settings`)
  - React-RCTText (from `../node_modules/react-native/Libraries/Text`)
  - React-RCTVibration (from `../node_modules/react-native/Libraries/Vibration`)
  - ReactCommon/callinvoker (from `../node_modules/react-native/ReactCommon`)
  - ReactCommon/turbomodule/core (from `../node_modules/react-native/ReactCommon`)
  - "RNCAsyncStorage (from `../node_modules/@react-native-community/async-storage-backend-legacy`)"
  - "RNCMaskedView (from `../node_modules/@react-native-community/masked-view`)"
  - RNGestureHandler (from `../node_modules/react-native-gesture-handler`)
  - RNReanimated (from `../node_modules/react-native-reanimated`)
  - RNScreens (from `../node_modules/react-native-screens`)
  - RNSVG (from `../node_modules/react-native-svg`)
  - Yoga (from `../node_modules/react-native/ReactCommon/yoga`)

SPEC REPOS:
  trunk:
    - boost-for-react-native
    - CocoaAsyncSocket
    - CocoaLibEvent
    - Flipper
    - Flipper-DoubleConversion
    - Flipper-Folly
    - Flipper-Glog
    - Flipper-PeerTalk
    - Flipper-RSocket
    - FlipperKit
    - OpenSSL-Universal
    - YogaKit

EXTERNAL SOURCES:
  DoubleConversion:
    :podspec: "../node_modules/react-native/third-party-podspecs/DoubleConversion.podspec"
  FBLazyVector:
    :path: "../node_modules/react-native/Libraries/FBLazyVector"
  FBReactNativeSpec:
    :path: "../node_modules/react-native/Libraries/FBReactNativeSpec"
  Folly:
    :podspec: "../node_modules/react-native/third-party-podspecs/Folly.podspec"
  glog:
    :podspec: "../node_modules/react-native/third-party-podspecs/glog.podspec"
  instabug-reactnative:
    :path: "../node_modules/instabug-reactnative"
  RCTRequired:
    :path: "../node_modules/react-native/Libraries/RCTRequired"
  RCTTypeSafety:
    :path: "../node_modules/react-native/Libraries/TypeSafety"
  React:
    :path: "../node_modules/react-native/"
  React-Core:
    :path: "../node_modules/react-native/"
  React-CoreModules:
    :path: "../node_modules/react-native/React/CoreModules"
  React-cxxreact:
    :path: "../node_modules/react-native/ReactCommon/cxxreact"
  React-jsi:
    :path: "../node_modules/react-native/ReactCommon/jsi"
  React-jsiexecutor:
    :path: "../node_modules/react-native/ReactCommon/jsiexecutor"
  React-jsinspector:
    :path: "../node_modules/react-native/ReactCommon/jsinspector"
  react-native-appearance:
    :path: "../node_modules/react-native-appearance"
  react-native-safe-area-context:
    :path: "../node_modules/react-native-safe-area-context"
  React-RCTActionSheet:
    :path: "../node_modules/react-native/Libraries/ActionSheetIOS"
  React-RCTAnimation:
    :path: "../node_modules/react-native/Libraries/NativeAnimation"
  React-RCTBlob:
    :path: "../node_modules/react-native/Libraries/Blob"
  React-RCTImage:
    :path: "../node_modules/react-native/Libraries/Image"
  React-RCTLinking:
    :path: "../node_modules/react-native/Libraries/LinkingIOS"
  React-RCTNetwork:
    :path: "../node_modules/react-native/Libraries/Network"
  React-RCTSettings:
    :path: "../node_modules/react-native/Libraries/Settings"
  React-RCTText:
    :path: "../node_modules/react-native/Libraries/Text"
  React-RCTVibration:
    :path: "../node_modules/react-native/Libraries/Vibration"
  ReactCommon:
    :path: "../node_modules/react-native/ReactCommon"
  RNCAsyncStorage:
    :path: "../node_modules/@react-native-community/async-storage-backend-legacy"
  RNCMaskedView:
    :path: "../node_modules/@react-native-community/masked-view"
  RNGestureHandler:
    :path: "../node_modules/react-native-gesture-handler"
  RNReanimated:
    :path: "../node_modules/react-native-reanimated"
  RNScreens:
    :path: "../node_modules/react-native-screens"
  RNSVG:
    :path: "../node_modules/react-native-svg"
  Yoga:
    :path: "../node_modules/react-native/ReactCommon/yoga"

SPEC CHECKSUMS:
  boost-for-react-native: 39c7adb57c4e60d6c5479dd8623128eb5b3f0f2c
  CocoaAsyncSocket: 694058e7c0ed05a9e217d1b3c7ded962f4180845
  CocoaLibEvent: 2fab71b8bd46dd33ddb959f7928ec5909f838e3f
  DoubleConversion: 5805e889d232975c086db112ece9ed034df7a0b2
  FBLazyVector: b99fd3b50d784f2db5ab6a68238723ebbfcc39b1
  FBReactNativeSpec: f2873e7605fd88b6232b5110054ab900a33067cb
  Flipper: 7a99ee17366a45a2c89567bf5bd393ccb9486bd2
  Flipper-DoubleConversion: 38631e41ef4f9b12861c67d17cb5518d06badc41
  Flipper-Folly: 2de3d03e0acc7064d5e4ed9f730e2f217486f162
  Flipper-Glog: 1dfd6abf1e922806c52ceb8701a3599a79a200a6
  Flipper-PeerTalk: 116d8f857dc6ef55c7a5a75ea3ceaafe878aadc9
  Flipper-RSocket: 1260a31c05c238eabfa9bb8a64e3983049048371
  FlipperKit: 0730530396cb6a3879353fd204220ae1258d4f77
  Folly: 30e7936e1c45c08d884aa59369ed951a8e68cf51
  glog: 1f3da668190260b06b429bb211bfbee5cd790c28
  instabug-reactnative: 2afe6b4bac04a73c141596c64cdc0f91e468c566
  OpenSSL-Universal: 8b48cc0d10c1b2923617dfe5c178aa9ed2689355
  RCTRequired: 00d6d5211f4734af8a1163c0585df1069e34429f
  RCTTypeSafety: 01520a51aa6cb03f1175a68432d37c572f12422d
  React: 37d04043310b9868a0b52b086720e879669d3838
  React-Core: 5e5867183c1b4c1f2299cdd5ca7706101b3ea640
  React-CoreModules: 2f840dba9cb0880e0fb9e0df1c94e86ee9f7eb1f
  React-cxxreact: 660350515dc0afe1e89f70488b64d9029f5dcc17
  React-jsi: 848400a13b591f1d2ca250578d2b5690631a63ac
  React-jsiexecutor: 682eb036c919668cc8bcb56168276ddc90aa711e
  React-jsinspector: 932c488cd73b32d23a50f0b61ba43d0fec34f314
  react-native-appearance: ff12122b6456efc29b3a22a3731eb54f7c291e69
  react-native-safe-area-context: 8260e5157617df4b72865f44006797f895b2ada7
  React-RCTActionSheet: 9e9496a7b0b90dd3292a2ccaa13cf9d30ae8f3fe
  React-RCTAnimation: 4cb3c452fdbfe5d545a783de6dc7caa0583b3fea
  React-RCTBlob: fe4966348e17659e92c9586a555d71807ecc6615
  React-RCTImage: 9fac49bb0df20f63134d896cf68497cf0ce5ccf9
  React-RCTLinking: 72ef0cb701191510b34dad85a3eda8638495ef9b
  React-RCTNetwork: 4ad6b1882b5899b760926f242fd974233dd07aca
  React-RCTSettings: 84ecc6c973516bf8e99df1c9cdcc975e393d3c7b
  React-RCTText: 66941556464f49a690cdcbed5b4cc3f2a0cf5171
  React-RCTVibration: a1f0345d827a87a33e087d1f5773654494425ec6
  ReactCommon: 55870918392a39971fce8f8ee6d66d5f8d540862
  RNCAsyncStorage: b5de28ebf07f83fc83fe718cb17793c5cfe55181
  RNCMaskedView: 90dd32f5b786bd562e876e1421ea77c700cbf71e
  RNGestureHandler: dde546180bf24af0b5f737c8ad04b6f3fa51609a
  RNReanimated: 031fe8d9ea93c2bd689a40f05320ef9d96f74d7f
  RNScreens: 812b79d384e2bea7eebc4ec981469160d4948fd5
  RNSVG: 7e16ddfc6e00d5aa69c9eb83e699bcce5dcb85d4
  Yoga: 2a6a35d2c9c18c1e3db875b1f1ccfc2296b18a59
  YogaKit: f782866e155069a2cca2517aafea43200b01fd5a

PODFILE CHECKSUM: 9bc6c0d25956908732274d41e837c8cd0c5b4a36

COCOAPODS: 1.9.0.beta.3
